
Microsoft Visual Studio Solution File, Format Version 12.00
Project("{FAE04EC0-301F-11D3-BF4B-00C04F79EFBC}") = "Server", "Server\Server.csproj", "{8B744CA1-0C94-402E-A1FE-54FE0B3FF2F0}"
EndProject
Project("{FAE04EC0-301F-11D3-BF4B-00C04F79EFBC}") = "Client", "Client\Client.csproj", "{F72EE0B4-1E12-41CF-88BF-82377EC4F1A4}"
EndProject
Global
	GlobalSection(SolutionConfigurationPlatforms) = preSolution
		Debug|Any CPU = Debug|Any CPU
		Release|Any CPU = Release|Any CPU
	EndGlobalSection
	GlobalSection(ProjectConfigurationPlatforms) = postSolution
		{8B744CA1-0C94-402E-A1FE-54FE0B3FF2F0}.Debug|Any CPU.ActiveCfg = Debug|Any CPU
		{8B744CA1-0C94-402E-A1FE-54FE0B3FF2F0}.Debug|Any CPU.Build.0 = Debug|Any CPU
		{8B744CA1-0C94-402E-A1FE-54FE0B3FF2F0}.Release|Any CPU.ActiveCfg = Release|Any CPU
		{8B744CA1-0C94-402E-A1FE-54FE0B3FF2F0}.Release|Any CPU.Build.0 = Release|Any CPU
		{F72EE0B4-1E12-41CF-88BF-82377EC4F1A4}.Debug|Any CPU.ActiveCfg = Debug|Any CPU
		{F72EE0B4-1E12-41CF-88BF-82377EC4F1A4}.Debug|Any CPU.Build.0 = Debug|Any CPU
		{F72EE0B4-1E12-41CF-88BF-82377EC4F1A4}.Release|Any CPU.ActiveCfg = Release|Any CPU
		{F72EE0B4-1E12-41CF-88BF-82377EC4F1A4}.Release|Any CPU.Build.0 = Release|Any CPU
	EndGlobalSection
EndGlobal
